
Microsoft Visual Studio Solution File, Format Version 12.00
# Visual Studio Version 17
VisualStudioVersion = 17.0.31903.59
MinimumVisualStudioVersion = 10.0.40219.1
Project("{2150E333-8FDC-42A3-9474-1A3956D46DE8}") = "src", "src", "{827E0CD3-B72D-47B6-A68D-7590B98EB39B}"
EndProject
Project("{FAE04EC0-301F-11D3-BF4B-00C04F79EFBC}") = "Nosl.Contracts", "src\Nosl.Contracts\Nosl.Contracts.csproj", "{9EC89A8B-9075-49CC-9A18-71743C1DB33F}"
EndProject
Project("{FAE04EC0-301F-11D3-BF4B-00C04F79EFBC}") = "Nosl.Worker", "src\Nosl.Worker\Nosl.Worker.csproj", "{1410BB4D-9358-4CBE-8331-DDA61D1FF4B0}"
EndProject
Project("{FAE04EC0-301F-11D3-BF4B-00C04F79EFBC}") = "Nosl.PublicPolicy", "src\Nosl.PublicPolicy\Nosl.PublicPolicy.csproj", "{62E43AC7-FD50-427A-88D4-C7F5768D4BC1}"
EndProject
Project("{FAE04EC0-301F-11D3-BF4B-00C04F79EFBC}") = "Nosl.Tests", "tests\Nosl.Tests\Nosl.Tests.csproj", "{59E0FCF8-4F98-4E09-84B3-D4A06ACE717F}"
EndProject
Project("{2150E333-8FDC-42A3-9474-1A3956D46DE8}") = "vendor", "vendor", "{3EFB08DA-2EA9-FE77-18DF-C4D4293AFD9C}"
EndProject
Project("{2150E333-8FDC-42A3-9474-1A3956D46DE8}") = "sts2-sim", "sts2-sim", "{F14D4A83-CC90-64AA-DECC-226080F6E0A5}"
EndProject
Project("{2150E333-8FDC-42A3-9474-1A3956D46DE8}") = "src", "src", "{577889B0-2916-9D3C-7BA4-406CC0B81070}"
EndProject
Project("{FAE04EC0-301F-11D3-BF4B-00C04F79EFBC}") = "Sts2Sim.Core", "vendor\sts2-sim\src\Sts2Sim.Core\Sts2Sim.Core.csproj", "{02933934-C1EF-4136-863E-E643C41C6174}"
EndProject
Global
	GlobalSection(SolutionConfigurationPlatforms) = preSolution
		Debug|Any CPU = Debug|Any CPU
		Debug|x64 = Debug|x64
		Debug|x86 = Debug|x86
		Release|Any CPU = Release|Any CPU
		Release|x64 = Release|x64
		Release|x86 = Release|x86
	EndGlobalSection
	GlobalSection(ProjectConfigurationPlatforms) = postSolution
		{9EC89A8B-9075-49CC-9A18-71743C1DB33F}.Debug|Any CPU.ActiveCfg = Debug|Any CPU
		{9EC89A8B-9075-49CC-9A18-71743C1DB33F}.Debug|Any CPU.Build.0 = Debug|Any CPU
		{9EC89A8B-9075-49CC-9A18-71743C1DB33F}.Debug|x64.ActiveCfg = Debug|Any CPU
		{9EC89A8B-9075-49CC-9A18-71743C1DB33F}.Debug|x64.Build.0 = Debug|Any CPU
		{9EC89A8B-9075-49CC-9A18-71743C1DB33F}.Debug|x86.ActiveCfg = Debug|Any CPU
		{9EC89A8B-9075-49CC-9A18-71743C1DB33F}.Debug|x86.Build.0 = Debug|Any CPU
		{9EC89A8B-9075-49CC-9A18-71743C1DB33F}.Release|Any CPU.ActiveCfg = Release|Any CPU
		{9EC89A8B-9075-49CC-9A18-71743C1DB33F}.Release|Any CPU.Build.0 = Release|Any CPU
		{9EC89A8B-9075-49CC-9A18-71743C1DB33F}.Release|x64.ActiveCfg = Release|Any CPU
		{9EC89A8B-9075-49CC-9A18-71743C1DB33F}.Release|x64.Build.0 = Release|Any CPU
		{9EC89A8B-9075-49CC-9A18-71743C1DB33F}.Release|x86.ActiveCfg = Release|Any CPU
		{9EC89A8B-9075-49CC-9A18-71743C1DB33F}.Release|x86.Build.0 = Release|Any CPU
		{1410BB4D-9358-4CBE-8331-DDA61D1FF4B0}.Debug|Any CPU.ActiveCfg = Debug|Any CPU
		{1410BB4D-9358-4CBE-8331-DDA61D1FF4B0}.Debug|Any CPU.Build.0 = Debug|Any CPU
		{1410BB4D-9358-4CBE-8331-DDA61D1FF4B0}.Debug|x64.ActiveCfg = Debug|Any CPU
		{1410BB4D-9358-4CBE-8331-DDA61D1FF4B0}.Debug|x64.Build.0 = Debug|Any CPU
		{1410BB4D-9358-4CBE-8331-DDA61D1FF4B0}.Debug|x86.ActiveCfg = Debug|Any CPU
		{1410BB4D-9358-4CBE-8331-DDA61D1FF4B0}.Debug|x86.Build.0 = Debug|Any CPU
		{1410BB4D-9358-4CBE-8331-DDA61D1FF4B0}.Release|Any CPU.ActiveCfg = Release|Any CPU
		{1410BB4D-9358-4CBE-8331-DDA61D1FF4B0}.Release|Any CPU.Build.0 = Release|Any CPU
		{1410BB4D-9358-4CBE-8331-DDA61D1FF4B0}.Release|x64.ActiveCfg = Release|Any CPU
		{1410BB4D-9358-4CBE-8331-DDA61D1FF4B0}.Release|x64.Build.0 = Release|Any CPU
		{1410BB4D-9358-4CBE-8331-DDA61D1FF4B0}.Release|x86.ActiveCfg = Release|Any CPU
		{1410BB4D-9358-4CBE-8331-DDA61D1FF4B0}.Release|x86.Build.0 = Release|Any CPU
		{62E43AC7-FD50-427A-88D4-C7F5768D4BC1}.Debug|Any CPU.ActiveCfg = Debug|Any CPU
		{62E43AC7-FD50-427A-88D4-C7F5768D4BC1}.Debug|Any CPU.Build.0 = Debug|Any CPU
		{62E43AC7-FD50-427A-88D4-C7F5768D4BC1}.Debug|x64.ActiveCfg = Debug|Any CPU
		{62E43AC7-FD50-427A-88D4-C7F5768D4BC1}.Debug|x64.Build.0 = Debug|Any CPU
		{62E43AC7-FD50-427A-88D4-C7F5768D4BC1}.Debug|x86.ActiveCfg = Debug|Any CPU
		{62E43AC7-FD50-427A-88D4-C7F5768D4BC1}.Debug|x86.Build.0 = Debug|Any CPU
		{62E43AC7-FD50-427A-88D4-C7F5768D4BC1}.Release|Any CPU.ActiveCfg = Release|Any CPU
		{62E43AC7-FD50-427A-88D4-C7F5768D4BC1}.Release|Any CPU.Build.0 = Release|Any CPU
		{62E43AC7-FD50-427A-88D4-C7F5768D4BC1}.Release|x64.ActiveCfg = Release|Any CPU
		{62E43AC7-FD50-427A-88D4-C7F5768D4BC1}.Release|x64.Build.0 = Release|Any CPU
		{62E43AC7-FD50-427A-88D4-C7F5768D4BC1}.Release|x86.ActiveCfg = Release|Any CPU
		{62E43AC7-FD50-427A-88D4-C7F5768D4BC1}.Release|x86.Build.0 = Release|Any CPU
		{59E0FCF8-4F98-4E09-84B3-D4A06ACE717F}.Debug|Any CPU.ActiveCfg = Debug|Any CPU
		{59E0FCF8-4F98-4E09-84B3-D4A06ACE717F}.Debug|Any CPU.Build.0 = Debug|Any CPU
		{59E0FCF8-4F98-4E09-84B3-D4A06ACE717F}.Debug|x64.ActiveCfg = Debug|Any CPU
		{59E0FCF8-4F98-4E09-84B3-D4A06ACE717F}.Debug|x64.Build.0 = Debug|Any CPU
		{59E0FCF8-4F98-4E09-84B3-D4A06ACE717F}.Debug|x86.ActiveCfg = Debug|Any CPU
		{59E0FCF8-4F98-4E09-84B3-D4A06ACE717F}.Debug|x86.Build.0 = Debug|Any CPU
		{59E0FCF8-4F98-4E09-84B3-D4A06ACE717F}.Release|Any CPU.ActiveCfg = Release|Any CPU
		{59E0FCF8-4F98-4E09-84B3-D4A06ACE717F}.Release|Any CPU.Build.0 = Release|Any CPU
		{59E0FCF8-4F98-4E09-84B3-D4A06ACE717F}.Release|x64.ActiveCfg = Release|Any CPU
		{59E0FCF8-4F98-4E09-84B3-D4A06ACE717F}.Release|x64.Build.0 = Release|Any CPU
		{59E0FCF8-4F98-4E09-84B3-D4A06ACE717F}.Release|x86.ActiveCfg = Release|Any CPU
		{59E0FCF8-4F98-4E09-84B3-D4A06ACE717F}.Release|x86.Build.0 = Release|Any CPU
		{02933934-C1EF-4136-863E-E643C41C6174}.Debug|Any CPU.ActiveCfg = Debug|Any CPU
		{02933934-C1EF-4136-863E-E643C41C6174}.Debug|Any CPU.Build.0 = Debug|Any CPU
		{02933934-C1EF-4136-863E-E643C41C6174}.Debug|x64.ActiveCfg = Debug|Any CPU
		{02933934-C1EF-4136-863E-E643C41C6174}.Debug|x64.Build.0 = Debug|Any CPU
		{02933934-C1EF-4136-863E-E643C41C6174}.Debug|x86.ActiveCfg = Debug|Any CPU
		{02933934-C1EF-4136-863E-E643C41C6174}.Debug|x86.Build.0 = Debug|Any CPU
		{02933934-C1EF-4136-863E-E643C41C6174}.Release|Any CPU.ActiveCfg = Release|Any CPU
		{02933934-C1EF-4136-863E-E643C41C6174}.Release|Any CPU.Build.0 = Release|Any CPU
		{02933934-C1EF-4136-863E-E643C41C6174}.Release|x64.ActiveCfg = Release|Any CPU
		{02933934-C1EF-4136-863E-E643C41C6174}.Release|x64.Build.0 = Release|Any CPU
		{02933934-C1EF-4136-863E-E643C41C6174}.Release|x86.ActiveCfg = Release|Any CPU
		{02933934-C1EF-4136-863E-E643C41C6174}.Release|x86.Build.0 = Release|Any CPU
	EndGlobalSection
	GlobalSection(SolutionProperties) = preSolution
		HideSolutionNode = FALSE
	EndGlobalSection
	GlobalSection(NestedProjects) = preSolution
		{9EC89A8B-9075-49CC-9A18-71743C1DB33F} = {827E0CD3-B72D-47B6-A68D-7590B98EB39B}
		{1410BB4D-9358-4CBE-8331-DDA61D1FF4B0} = {827E0CD3-B72D-47B6-A68D-7590B98EB39B}
		{62E43AC7-FD50-427A-88D4-C7F5768D4BC1} = {827E0CD3-B72D-47B6-A68D-7590B98EB39B}
		{59E0FCF8-4F98-4E09-84B3-D4A06ACE717F} = {827E0CD3-B72D-47B6-A68D-7590B98EB39B}
		{F14D4A83-CC90-64AA-DECC-226080F6E0A5} = {3EFB08DA-2EA9-FE77-18DF-C4D4293AFD9C}
		{577889B0-2916-9D3C-7BA4-406CC0B81070} = {F14D4A83-CC90-64AA-DECC-226080F6E0A5}
		{02933934-C1EF-4136-863E-E643C41C6174} = {577889B0-2916-9D3C-7BA4-406CC0B81070}
	EndGlobalSection
EndGlobal
